
Microsoft Visual Studio Solution File, Format Version 12.00
# Visual Studio Version 17
VisualStudioVersion = 17.9.34607.119
MinimumVisualStudioVersion = 10.0.40219.1
Project("{FAE04EC0-301F-11D3-BF4B-00C04F79EFBC}") = "PruebaPro", "PruebaPro.csproj", "{34CE3331-2790-4901-A00B-13937F2EBE61}"
EndProject
Global
	GlobalSection(SolutionConfigurationPlatforms) = preSolution
		Debug|Any CPU = Debug|Any CPU
		Release|Any CPU = Release|Any CPU
	EndGlobalSection
	GlobalSection(ProjectConfigurationPlatforms) = postSolution
		{34CE3331-2790-4901-A00B-13937F2EBE61}.Debug|Any CPU.ActiveCfg = Debug|Any CPU
		{34CE3331-2790-4901-A00B-13937F2EBE61}.Debug|Any CPU.Build.0 = Debug|Any CPU
		{34CE3331-2790-4901-A00B-13937F2EBE61}.Release|Any CPU.ActiveCfg = Release|Any CPU
		{34CE3331-2790-4901-A00B-13937F2EBE61}.Release|Any CPU.Build.0 = Release|Any CPU
	EndGlobalSection
	GlobalSection(SolutionProperties) = preSolution
		HideSolutionNode = FALSE
	EndGlobalSection
	GlobalSection(ExtensibilityGlobals) = postSolution
		SolutionGuid = {E2656AA4-E838-4913-9131-C3B120A67AB6}
	EndGlobalSection
EndGlobal
